
Microsoft Visual Studio Solution File, Format Version 12.00
# Visual Studio Version 16
VisualStudioVersion = 16.0.30804.86
MinimumVisualStudioVersion = 10.0.40219.1
Project("{FAE04EC0-301F-11D3-BF4B-00C04F79EFBC}") = "Chime", "Chime.csproj", "{0F31D44C-0514-4722-BE72-34C4EC2E967C}"
EndProject
Global
	GlobalSection(SolutionConfigurationPlatforms) = preSolution
		Debug|Any CPU = Debug|Any CPU
		Release|Any CPU = Release|Any CPU
	EndGlobalSection
	GlobalSection(ProjectConfigurationPlatforms) = postSolution
		{0F31D44C-0514-4722-BE72-34C4EC2E967C}.Debug|Any CPU.ActiveCfg = Debug|Any CPU
		{0F31D44C-0514-4722-BE72-34C4EC2E967C}.Debug|Any CPU.Build.0 = Debug|Any CPU
		{0F31D44C-0514-4722-BE72-34C4EC2E967C}.Release|Any CPU.ActiveCfg = Release|Any CPU
		{0F31D44C-0514-4722-BE72-34C4EC2E967C}.Release|Any CPU.Build.0 = Release|Any CPU
	EndGlobalSection
	GlobalSection(SolutionProperties) = preSolution
		HideSolutionNode = FALSE
	EndGlobalSection
	GlobalSection(ExtensibilityGlobals) = postSolution
		SolutionGuid = {970A2301-25FA-4BAA-837A-42CEB99F567D}
	EndGlobalSection
EndGlobal
